// !$*UTF8*$!
{
	archiveVersion = 1;
	classes = {
	};
	objectVersion = 55;
	objects = {

/* Begin PBXBuildFile section */
		9E92B979283243EE00FC4175 /* FavoriteButton.swift in Sources */ = {isa = PBXBuildFile; fileRef = 9E92B978283243EE00FC4175 /* FavoriteButton.swift */; };
		9E92B97D28325C5100FC4175 /* HexagonParameters.swift in Sources */ = {isa = PBXBuildFile; fileRef = 9E92B97C28325C4300FC4175 /* HexagonParameters.swift */; };
		9E92B97F28338D6500FC4175 /* BadgeBackground.swift in Sources */ = {isa = PBXBuildFile; fileRef = 9E92B97E28338D6500FC4175 /* BadgeBackground.swift */; };
		9E92B9812833957E00FC4175 /* BadgeSymbol.swift in Sources */ = {isa = PBXBuildFile; fileRef = 9E92B9802833957E00FC4175 /* BadgeSymbol.swift */; };
		9E92B9832833967800FC4175 /* RotatedBadgeSymbol.swift in Sources */ = {isa = PBXBuildFile; fileRef = 9E92B9822833967800FC4175 /* RotatedBadgeSymbol.swift */; };
		9E92B9852833970800FC4175 /* Badge.swift in Sources */ = {isa = PBXBuildFile; fileRef = 9E92B9842833970800FC4175 /* Badge.swift */; };
		9E92B98828339E7700FC4175 /* hikeData.json in Resources */ = {isa = PBXBuildFile; fileRef = 9E92B98728339E7700FC4175 /* hikeData.json */; };
		9E92B98A28339F2200FC4175 /* Hike.swift in Sources */ = {isa = PBXBuildFile; fileRef = 9E92B98928339F2200FC4175 /* Hike.swift */; };
		9E92B9902833A15300FC4175 /* GraphCapsule.swift in Sources */ = {isa = PBXBuildFile; fileRef = 9E92B98C2833A15300FC4175 /* GraphCapsule.swift */; };
		9E92B9912833A15300FC4175 /* HikeGraph.swift in Sources */ = {isa = PBXBuildFile; fileRef = 9E92B98D2833A15300FC4175 /* HikeGraph.swift */; };
		9E92B9922833A15300FC4175 /* HikeDetail.swift in Sources */ = {isa = PBXBuildFile; fileRef = 9E92B98E2833A15300FC4175 /* HikeDetail.swift */; };
		9E92B9932833A15300FC4175 /* HikeView.swift in Sources */ = {isa = PBXBuildFile; fileRef = 9E92B98F2833A15300FC4175 /* HikeView.swift */; };
		9E92B9962834C65C00FC4175 /* CategoryHome.swift in Sources */ = {isa = PBXBuildFile; fileRef = 9E92B9952834C65C00FC4175 /* CategoryHome.swift */; };
		9E92B9982834CA6E00FC4175 /* CategoryRow.swift in Sources */ = {isa = PBXBuildFile; fileRef = 9E92B9972834CA6E00FC4175 /* CategoryRow.swift */; };
		9E92B99A2834CE8100FC4175 /* CategoryItem.swift in Sources */ = {isa = PBXBuildFile; fileRef = 9E92B9992834CE8100FC4175 /* CategoryItem.swift */; };
		9E92B99C283529CA00FC4175 /* Profile.swift in Sources */ = {isa = PBXBuildFile; fileRef = 9E92B99B283529CA00FC4175 /* Profile.swift */; };
		9E92B99F28352BB600FC4175 /* ProfileHost.swift in Sources */ = {isa = PBXBuildFile; fileRef = 9E92B99E28352BB600FC4175 /* ProfileHost.swift */; };
		9E92B9A128352C4600FC4175 /* ProfileSummary.swift in Sources */ = {isa = PBXBuildFile; fileRef = 9E92B9A028352C4600FC4175 /* ProfileSummary.swift */; };
		9E92B9A328352E3F00FC4175 /* HikeBadge.swift in Sources */ = {isa = PBXBuildFile; fileRef = 9E92B9A228352E3F00FC4175 /* HikeBadge.swift */; };
		9E92B9A52836204500FC4175 /* ProfileEditor.swift in Sources */ = {isa = PBXBuildFile; fileRef = 9E92B9A42836204500FC4175 /* ProfileEditor.swift */; };
		9EDF03592830E89500CE9361 /* LandmarksApp.swift in Sources */ = {isa = PBXBuildFile; fileRef = 9EDF03582830E89500CE9361 /* LandmarksApp.swift */; };
		9EDF035B2830E89500CE9361 /* ContentView.swift in Sources */ = {isa = PBXBuildFile; fileRef = 9EDF035A2830E89500CE9361 /* ContentView.swift */; };
		9EDF035D2830E89600CE9361 /* Assets.xcassets in Resources */ = {isa = PBXBuildFile; fileRef = 9EDF035C2830E89600CE9361 /* Assets.xcassets */; };
		9EDF03602830E89600CE9361 /* Preview Assets.xcassets in Resources */ = {isa = PBXBuildFile; fileRef = 9EDF035F2830E89600CE9361 /* Preview Assets.xcassets */; };
		9EDF03672830ED8700CE9361 /* CircleImage.swift in Sources */ = {isa = PBXBuildFile; fileRef = 9EDF03662830ED8700CE9361 /* CircleImage.swift */; };
		9EDF03692830EEC700CE9361 /* MapView.swift in Sources */ = {isa = PBXBuildFile; fileRef = 9EDF03682830EEC700CE9361 /* MapView.swift */; };
		9EDF036D2830FA1600CE9361 /* landmarkData.json in Resources */ = {isa = PBXBuildFile; fileRef = 9EDF036C2830FA1600CE9361 /* landmarkData.json */; };
		9EDF036F2830FA6000CE9361 /* Landmark.swift in Sources */ = {isa = PBXBuildFile; fileRef = 9EDF036E2830FA6000CE9361 /* Landmark.swift */; };
		9EDF03712830FD2200CE9361 /* ModelData.swift in Sources */ = {isa = PBXBuildFile; fileRef = 9EDF03702830FD2200CE9361 /* ModelData.swift */; };
		9EDF0376283100F300CE9361 /* LandmarkRow.swift in Sources */ = {isa = PBXBuildFile; fileRef = 9EDF0375283100F300CE9361 /* LandmarkRow.swift */; };
		9EDF03782831034400CE9361 /* LandmarkList.swift in Sources */ = {isa = PBXBuildFile; fileRef = 9EDF03772831034400CE9361 /* LandmarkList.swift */; };
		9EDF037A283107D800CE9361 /* LandmarkDetail.swift in Sources */ = {isa = PBXBuildFile; fileRef = 9EDF0379283107D800CE9361 /* LandmarkDetail.swift */; };
/* End PBXBuildFile section */

/* Begin PBXFileReference section */
		9E92B978283243EE00FC4175 /* FavoriteButton.swift */ = {isa = PBXFileReference; lastKnownFileType = sourcecode.swift; path = FavoriteButton.swift; sourceTree = "<group>"; };
		9E92B97C28325C4300FC4175 /* HexagonParameters.swift */ = {isa = PBXFileReference; lastKnownFileType = sourcecode.swift; path = HexagonParameters.swift; sourceTree = "<group>"; };
		9E92B97E28338D6500FC4175 /* BadgeBackground.swift */ = {isa = PBXFileReference; lastKnownFileType = sourcecode.swift; path = BadgeBackground.swift; sourceTree = "<group>"; };
		9E92B9802833957E00FC4175 /* BadgeSymbol.swift */ = {isa = PBXFileReference; lastKnownFileType = sourcecode.swift; path = BadgeSymbol.swift; sourceTree = "<group>"; };
		9E92B9822833967800FC4175 /* RotatedBadgeSymbol.swift */ = {isa = PBXFileReference; lastKnownFileType = sourcecode.swift; path = RotatedBadgeSymbol.swift; sourceTree = "<group>"; };
		9E92B9842833970800FC4175 /* Badge.swift */ = {isa = PBXFileReference; lastKnownFileType = sourcecode.swift; path = Badge.swift; sourceTree = "<group>"; };
		9E92B98728339E7700FC4175 /* hikeData.json */ = {isa = PBXFileReference; fileEncoding = 4; lastKnownFileType = text.json; path = hikeData.json; sourceTree = "<group>"; };
		9E92B98928339F2200FC4175 /* Hike.swift */ = {isa = PBXFileReference; lastKnownFileType = sourcecode.swift; path = Hike.swift; sourceTree = "<group>"; };
		9E92B98C2833A15300FC4175 /* GraphCapsule.swift */ = {isa = PBXFileReference; fileEncoding = 4; lastKnownFileType = sourcecode.swift; path = GraphCapsule.swift; sourceTree = "<group>"; };
		9E92B98D2833A15300FC4175 /* HikeGraph.swift */ = {isa = PBXFileReference; fileEncoding = 4; lastKnownFileType = sourcecode.swift; path = HikeGraph.swift; sourceTree = "<group>"; };
		9E92B98E2833A15300FC4175 /* HikeDetail.swift */ = {isa = PBXFileReference; fileEncoding = 4; lastKnownFileType = sourcecode.swift; path = HikeDetail.swift; sourceTree = "<group>"; };
		9E92B98F2833A15300FC4175 /* HikeView.swift */ = {isa = PBXFileReference; fileEncoding = 4; lastKnownFileType = sourcecode.swift; path = HikeView.swift; sourceTree = "<group>"; };
		9E92B9952834C65C00FC4175 /* CategoryHome.swift */ = {isa = PBXFileReference; lastKnownFileType = sourcecode.swift; path = CategoryHome.swift; sourceTree = "<group>"; };
		9E92B9972834CA6E00FC4175 /* CategoryRow.swift */ = {isa = PBXFileReference; lastKnownFileType = sourcecode.swift; path = CategoryRow.swift; sourceTree = "<group>"; };
		9E92B9992834CE8100FC4175 /* CategoryItem.swift */ = {isa = PBXFileReference; lastKnownFileType = sourcecode.swift; path = CategoryItem.swift; sourceTree = "<group>"; };
		9E92B99B283529CA00FC4175 /* Profile.swift */ = {isa = PBXFileReference; lastKnownFileType = sourcecode.swift; path = Profile.swift; sourceTree = "<group>"; };
		9E92B99E28352BB600FC4175 /* ProfileHost.swift */ = {isa = PBXFileReference; lastKnownFileType = sourcecode.swift; path = ProfileHost.swift; sourceTree = "<group>"; };
		9E92B9A028352C4600FC4175 /* ProfileSummary.swift */ = {isa = PBXFileReference; lastKnownFileType = sourcecode.swift; path = ProfileSummary.swift; sourceTree = "<group>"; };
		9E92B9A228352E3F00FC4175 /* HikeBadge.swift */ = {isa = PBXFileReference; lastKnownFileType = sourcecode.swift; path = HikeBadge.swift; sourceTree = "<group>"; };
		9E92B9A42836204500FC4175 /* ProfileEditor.swift */ = {isa = PBXFileReference; lastKnownFileType = sourcecode.swift; path = ProfileEditor.swift; sourceTree = "<group>"; };
		9EDF03552830E89500CE9361 /* Landmarks.app */ = {isa = PBXFileReference; explicitFileType = wrapper.application; includeInIndex = 0; path = Landmarks.app; sourceTree = BUILT_PRODUCTS_DIR; };
		9EDF03582830E89500CE9361 /* LandmarksApp.swift */ = {isa = PBXFileReference; lastKnownFileType = sourcecode.swift; path = LandmarksApp.swift; sourceTree = "<group>"; };
		9EDF035A2830E89500CE9361 /* ContentView.swift */ = {isa = PBXFileReference; lastKnownFileType = sourcecode.swift; path = ContentView.swift; sourceTree = "<group>"; };
		9EDF035C2830E89600CE9361 /* Assets.xcassets */ = {isa = PBXFileReference; lastKnownFileType = folder.assetcatalog; path = Assets.xcassets; sourceTree = "<group>"; };
		9EDF035F2830E89600CE9361 /* Preview Assets.xcassets */ = {isa = PBXFileReference; lastKnownFileType = folder.assetcatalog; path = "Preview Assets.xcassets"; sourceTree = "<group>"; };
		9EDF03662830ED8700CE9361 /* CircleImage.swift */ = {isa = PBXFileReference; lastKnownFileType = sourcecode.swift; path = CircleImage.swift; sourceTree = "<group>"; };
		9EDF03682830EEC700CE9361 /* MapView.swift */ = {isa = PBXFileReference; lastKnownFileType = sourcecode.swift; path = MapView.swift; sourceTree = "<group>"; };
		9EDF036C2830FA1600CE9361 /* landmarkData.json */ = {isa = PBXFileReference; fileEncoding = 4; lastKnownFileType = text.json; path = landmarkData.json; sourceTree = "<group>"; };
		9EDF036E2830FA6000CE9361 /* Landmark.swift */ = {isa = PBXFileReference; lastKnownFileType = sourcecode.swift; path = Landmark.swift; sourceTree = "<group>"; };
		9EDF03702830FD2200CE9361 /* ModelData.swift */ = {isa = PBXFileReference; lastKnownFileType = sourcecode.swift; path = ModelData.swift; sourceTree = "<group>"; };
		9EDF0375283100F300CE9361 /* LandmarkRow.swift */ = {isa = PBXFileReference; lastKnownFileType = sourcecode.swift; path = LandmarkRow.swift; sourceTree = "<group>"; };
		9EDF03772831034400CE9361 /* LandmarkList.swift */ = {isa = PBXFileReference; lastKnownFileType = sourcecode.swift; path = LandmarkList.swift; sourceTree = "<group>"; };
		9EDF0379283107D800CE9361 /* LandmarkDetail.swift */ = {isa = PBXFileReference; lastKnownFileType = sourcecode.swift; path = LandmarkDetail.swift; sourceTree = "<group>"; };
/* End PBXFileReference section */

/* Begin PBXFrameworksBuildPhase section */
		9EDF03522830E89500CE9361 /* Frameworks */ = {
			isa = PBXFrameworksBuildPhase;
			buildActionMask = 2147483647;
			files = (
			);
			runOnlyForDeploymentPostprocessing = 0;
		};
/* End PBXFrameworksBuildPhase section */

/* Begin PBXGroup section */
		9E92B97A2832456F00FC4175 /* Landmarks */ = {
			isa = PBXGroup;
			children = (
				9EDF03772831034400CE9361 /* LandmarkList.swift */,
				9EDF0375283100F300CE9361 /* LandmarkRow.swift */,
				9EDF0379283107D800CE9361 /* LandmarkDetail.swift */,
			);
			path = Landmarks;
			sourceTree = "<group>";
		};
		9E92B97B2832457A00FC4175 /* Helpers */ = {
			isa = PBXGroup;
			children = (
				9EDF03682830EEC700CE9361 /* MapView.swift */,
				9EDF03662830ED8700CE9361 /* CircleImage.swift */,
				9E92B978283243EE00FC4175 /* FavoriteButton.swift */,
			);
			path = Helpers;
			sourceTree = "<group>";
		};
		9E92B9862833989500FC4175 /* Badge */ = {
			isa = PBXGroup;
			children = (
				9E92B9842833970800FC4175 /* Badge.swift */,
				9E92B9802833957E00FC4175 /* BadgeSymbol.swift */,
				9E92B97E28338D6500FC4175 /* BadgeBackground.swift */,
				9E92B97C28325C4300FC4175 /* HexagonParameters.swift */,
				9E92B9822833967800FC4175 /* RotatedBadgeSymbol.swift */,
			);
			path = Badge;
			sourceTree = "<group>";
		};
		9E92B98B2833A15300FC4175 /* Hikes */ = {
			isa = PBXGroup;
			children = (
				9E92B98C2833A15300FC4175 /* GraphCapsule.swift */,
				9E92B98D2833A15300FC4175 /* HikeGraph.swift */,
				9E92B98E2833A15300FC4175 /* HikeDetail.swift */,
				9E92B98F2833A15300FC4175 /* HikeView.swift */,
				9E92B9A228352E3F00FC4175 /* HikeBadge.swift */,
			);
			path = Hikes;
			sourceTree = "<group>";
		};
		9E92B9942834C63500FC4175 /* Categories */ = {
			isa = PBXGroup;
			children = (
				9E92B9952834C65C00FC4175 /* CategoryHome.swift */,
				9E92B9972834CA6E00FC4175 /* CategoryRow.swift */,
				9E92B9992834CE8100FC4175 /* CategoryItem.swift */,
			);
			path = Categories;
			sourceTree = "<group>";
		};
		9E92B99D28352B8700FC4175 /* Profiles */ = {
			isa = PBXGroup;
			children = (
				9E92B99E28352BB600FC4175 /* ProfileHost.swift */,
				9E92B9A028352C4600FC4175 /* ProfileSummary.swift */,
				9E92B9A42836204500FC4175 /* ProfileEditor.swift */,
			);
			path = Profiles;
			sourceTree = "<group>";
		};
		9EDF034C2830E89500CE9361 = {
			isa = PBXGroup;
			children = (
				9EDF03572830E89500CE9361 /* Landmarks */,
				9EDF03562830E89500CE9361 /* Products */,
			);
			sourceTree = "<group>";
		};
		9EDF03562830E89500CE9361 /* Products */ = {
			isa = PBXGroup;
			children = (
				9EDF03552830E89500CE9361 /* Landmarks.app */,
			);
			name = Products;
			sourceTree = "<group>";
		};
		9EDF03572830E89500CE9361 /* Landmarks */ = {
			isa = PBXGroup;
			children = (
				9EDF03582830E89500CE9361 /* LandmarksApp.swift */,
				9EDF03722830FF7F00CE9361 /* Views */,
				9E92B99D28352B8700FC4175 /* Profiles */,
				9EDF03742830FFC300CE9361 /* Model */,
				9EDF03732830FFA400CE9361 /* Resources */,
				9EDF035C2830E89600CE9361 /* Assets.xcassets */,
				9EDF035E2830E89600CE9361 /* Preview Content */,
			);
			path = Landmarks;
			sourceTree = "<group>";
		};
		9EDF035E2830E89600CE9361 /* Preview Content */ = {
			isa = PBXGroup;
			children = (
				9EDF035F2830E89600CE9361 /* Preview Assets.xcassets */,
			);
			path = "Preview Content";
			sourceTree = "<group>";
		};
		9EDF03722830FF7F00CE9361 /* Views */ = {
			isa = PBXGroup;
			children = (
				9E92B9942834C63500FC4175 /* Categories */,
				9E92B9862833989500FC4175 /* Badge */,
				9E92B97A2832456F00FC4175 /* Landmarks */,
				9E92B97B2832457A00FC4175 /* Helpers */,
				9E92B98B2833A15300FC4175 /* Hikes */,
				9EDF035A2830E89500CE9361 /* ContentView.swift */,
			);
			path = Views;
			sourceTree = "<group>";
		};
		9EDF03732830FFA400CE9361 /* Resources */ = {
			isa = PBXGroup;
			children = (
				9E92B98728339E7700FC4175 /* hikeData.json */,
				9EDF036C2830FA1600CE9361 /* landmarkData.json */,
			);
			path = Resources;
			sourceTree = "<group>";
		};
		9EDF03742830FFC300CE9361 /* Model */ = {
			isa = PBXGroup;
			children = (
				9EDF03702830FD2200CE9361 /* ModelData.swift */,
				9EDF036E2830FA6000CE9361 /* Landmark.swift */,
				9E92B98928339F2200FC4175 /* Hike.swift */,
				9E92B99B283529CA00FC4175 /* Profile.swift */,
			);
			path = Model;
			sourceTree = "<group>";
		};
/* End PBXGroup section */

/* Begin PBXNativeTarget section */
		9EDF03542830E89500CE9361 /* Landmarks */ = {
			isa = PBXNativeTarget;
			buildConfigurationList = 9EDF03632830E89600CE9361 /* Build configuration list for PBXNativeTarget "Landmarks" */;
			buildPhases = (
				9EDF03512830E89500CE9361 /* Sources */,
				9EDF03522830E89500CE9361 /* Frameworks */,
				9EDF03532830E89500CE9361 /* Resources */,
			);
			buildRules = (
			);
			dependencies = (
			);
			name = Landmarks;
			productName = Landmarks;
			productReference = 9EDF03552830E89500CE9361 /* Landmarks.app */;
			productType = "com.apple.product-type.application";
		};
/* End PBXNativeTarget section */

/* Begin PBXProject section */
		9EDF034D2830E89500CE9361 /* Project object */ = {
			isa = PBXProject;
			attributes = {
				BuildIndependentTargetsInParallel = 1;
				LastSwiftUpdateCheck = 1330;
				LastUpgradeCheck = 1330;
				TargetAttributes = {
					9EDF03542830E89500CE9361 = {
						CreatedOnToolsVersion = 13.3.1;
					};
				};
			};
			buildConfigurationList = 9EDF03502830E89500CE9361 /* Build configuration list for PBXProject "Landmarks" */;
			compatibilityVersion = "Xcode 13.0";
			developmentRegion = en;
			hasScannedForEncodings = 0;
			knownRegions = (
				en,
				Base,
			);
			mainGroup = 9EDF034C2830E89500CE9361;
			productRefGroup = 9EDF03562830E89500CE9361 /* Products */;
			projectDirPath = "";
			projectRoot = "";
			targets = (
				9EDF03542830E89500CE9361 /* Landmarks */,
			);
		};
/* End PBXProject section */

/* Begin PBXResourcesBuildPhase section */
		9EDF03532830E89500CE9361 /* Resources */ = {
			isa = PBXResourcesBuildPhase;
			buildActionMask = 2147483647;
			files = (
				9E92B98828339E7700FC4175 /* hikeData.json in Resources */,
				9EDF03602830E89600CE9361 /* Preview Assets.xcassets in Resources */,
				9EDF035D2830E89600CE9361 /* Assets.xcassets in Resources */,
				9EDF036D2830FA1600CE9361 /* landmarkData.json in Resources */,
			);
			runOnlyForDeploymentPostprocessing = 0;
		};
/* End PBXResourcesBuildPhase section */

/* Begin PBXSourcesBuildPhase section */
		9EDF03512830E89500CE9361 /* Sources */ = {
			isa = PBXSourcesBuildPhase;
			buildActionMask = 2147483647;
			files = (
				9E92B9982834CA6E00FC4175 /* CategoryRow.swift in Sources */,
				9E92B99C283529CA00FC4175 /* Profile.swift in Sources */,
				9EDF035B2830E89500CE9361 /* ContentView.swift in Sources */,
				9E92B9962834C65C00FC4175 /* CategoryHome.swift in Sources */,
				9E92B9912833A15300FC4175 /* HikeGraph.swift in Sources */,
				9E92B9852833970800FC4175 /* Badge.swift in Sources */,
				9EDF0376283100F300CE9361 /* LandmarkRow.swift in Sources */,
				9E92B9902833A15300FC4175 /* GraphCapsule.swift in Sources */,
				9EDF03692830EEC700CE9361 /* MapView.swift in Sources */,
				9E92B979283243EE00FC4175 /* FavoriteButton.swift in Sources */,
				9E92B99A2834CE8100FC4175 /* CategoryItem.swift in Sources */,
				9E92B9922833A15300FC4175 /* HikeDetail.swift in Sources */,
				9E92B9A128352C4600FC4175 /* ProfileSummary.swift in Sources */,
				9E92B97D28325C5100FC4175 /* HexagonParameters.swift in Sources */,
				9E92B99F28352BB600FC4175 /* ProfileHost.swift in Sources */,
				9E92B98A28339F2200FC4175 /* Hike.swift in Sources */,
				9E92B9832833967800FC4175 /* RotatedBadgeSymbol.swift in Sources */,
				9E92B9812833957E00FC4175 /* BadgeSymbol.swift in Sources */,
				9E92B9A52836204500FC4175 /* ProfileEditor.swift in Sources */,
				9EDF03782831034400CE9361 /* LandmarkList.swift in Sources */,
				9E92B9932833A15300FC4175 /* HikeView.swift in Sources */,
				9EDF037A283107D800CE9361 /* LandmarkDetail.swift in Sources */,
				9E92B97F28338D6500FC4175 /* BadgeBackground.swift in Sources */,
				9E92B9A328352E3F00FC4175 /* HikeBadge.swift in Sources */,
				9EDF03592830E89500CE9361 /* LandmarksApp.swift in Sources */,
				9EDF03672830ED8700CE9361 /* CircleImage.swift in Sources */,
				9EDF036F2830FA6000CE9361 /* Landmark.swift in Sources */,
				9EDF03712830FD2200CE9361 /* ModelData.swift in Sources */,
			);
			runOnlyForDeploymentPostprocessing = 0;
		};
/* End PBXSourcesBuildPhase section */

/* Begin XCBuildConfiguration section */
		9EDF03612830E89600CE9361 /* Debug */ = {
			isa = XCBuildConfiguration;
			buildSettings = {
				ALWAYS_SEARCH_USER_PATHS = NO;
				CLANG_ANALYZER_NONNULL = YES;
				CLANG_ANALYZER_NUMBER_OBJECT_CONVERSION = YES_AGGRESSIVE;
				CLANG_CXX_LANGUAGE_STANDARD = "gnu++17";
				CLANG_ENABLE_MODULES = YES;
				CLANG_ENABLE_OBJC_ARC = YES;
				CLANG_ENABLE_OBJC_WEAK = YES;
				CLANG_WARN_BLOCK_CAPTURE_AUTORELEASING = YES;
				CLANG_WARN_BOOL_CONVERSION = YES;
				CLANG_WARN_COMMA = YES;
				CLANG_WARN_CONSTANT_CONVERSION = YES;
				CLANG_WARN_DEPRECATED_OBJC_IMPLEMENTATIONS = YES;
				CLANG_WARN_DIRECT_OBJC_ISA_USAGE = YES_ERROR;
				CLANG_WARN_DOCUMENTATION_COMMENTS = YES;
				CLANG_WARN_EMPTY_BODY = YES;
				CLANG_WARN_ENUM_CONVERSION = YES;
				CLANG_WARN_INFINITE_RECURSION = YES;
				CLANG_WARN_INT_CONVERSION = YES;
				CLANG_WARN_NON_LITERAL_NULL_CONVERSION = YES;
				CLANG_WARN_OBJC_IMPLICIT_RETAIN_SELF = YES;
				CLANG_WARN_OBJC_LITERAL_CONVERSION = YES;
				CLANG_WARN_OBJC_ROOT_CLASS = YES_ERROR;
				CLANG_WARN_QUOTED_INCLUDE_IN_FRAMEWORK_HEADER = YES;
				CLANG_WARN_RANGE_LOOP_ANALYSIS = YES;
				CLANG_WARN_STRICT_PROTOTYPES = YES;
				CLANG_WARN_SUSPICIOUS_MOVE = YES;
				CLANG_WARN_UNGUARDED_AVAILABILITY = YES_AGGRESSIVE;
				CLANG_WARN_UNREACHABLE_CODE = YES;
				CLANG_WARN__DUPLICATE_METHOD_MATCH = YES;
				COPY_PHASE_STRIP = NO;
				DEBUG_INFORMATION_FORMAT = dwarf;
				ENABLE_STRICT_OBJC_MSGSEND = YES;
				ENABLE_TESTABILITY = YES;
				GCC_C_LANGUAGE_STANDARD = gnu11;
				GCC_DYNAMIC_NO_PIC = NO;
				GCC_NO_COMMON_BLOCKS = YES;
				GCC_OPTIMIZATION_LEVEL = 0;
				GCC_PREPROCESSOR_DEFINITIONS = (
					"DEBUG=1",
					"$(inherited)",
				);
				GCC_WARN_64_TO_32_BIT_CONVERSION = YES;
				GCC_WARN_ABOUT_RETURN_TYPE = YES_ERROR;
				GCC_WARN_UNDECLARED_SELECTOR = YES;
				GCC_WARN_UNINITIALIZED_AUTOS = YES_AGGRESSIVE;
				GCC_WARN_UNUSED_FUNCTION = YES;
				GCC_WARN_UNUSED_VARIABLE = YES;
				IPHONEOS_DEPLOYMENT_TARGET = 15.4;
				MTL_ENABLE_DEBUG_INFO = INCLUDE_SOURCE;
				MTL_FAST_MATH = YES;
				ONLY_ACTIVE_ARCH = YES;
				SDKROOT = iphoneos;
				SWIFT_ACTIVE_COMPILATION_CONDITIONS = DEBUG;
				SWIFT_OPTIMIZATION_LEVEL = "-Onone";
			};
			name = Debug;
		};
		9EDF03622830E89600CE9361 /* Release */ = {
			isa = XCBuildConfiguration;
			buildSettings = {
				ALWAYS_SEARCH_USER_PATHS = NO;
				CLANG_ANALYZER_NONNULL = YES;
				CLANG_ANALYZER_NUMBER_OBJECT_CONVERSION = YES_AGGRESSIVE;
				CLANG_CXX_LANGUAGE_STANDARD = "gnu++17";
				CLANG_ENABLE_MODULES = YES;
				CLANG_ENABLE_OBJC_ARC = YES;
				CLANG_ENABLE_OBJC_WEAK = YES;
				CLANG_WARN_BLOCK_CAPTURE_AUTORELEASING = YES;
				CLANG_WARN_BOOL_CONVERSION = YES;
				CLANG_WARN_COMMA = YES;
				CLANG_WARN_CONSTANT_CONVERSION = YES;
				CLANG_WARN_DEPRECATED_OBJC_IMPLEMENTATIONS = YES;
				CLANG_WARN_DIRECT_OBJC_ISA_USAGE = YES_ERROR;
				CLANG_WARN_DOCUMENTATION_COMMENTS = YES;
				CLANG_WARN_EMPTY_BODY = YES;
				CLANG_WARN_ENUM_CONVERSION = YES;
				CLANG_WARN_INFINITE_RECURSION = YES;
				CLANG_WARN_INT_CONVERSION = YES;
				CLANG_WARN_NON_LITERAL_NULL_CONVERSION = YES;
				CLANG_WARN_OBJC_IMPLICIT_RETAIN_SELF = YES;
				CLANG_WARN_OBJC_LITERAL_CONVERSION = YES;
				CLANG_WARN_OBJC_ROOT_CLASS = YES_ERROR;
				CLANG_WARN_QUOTED_INCLUDE_IN_FRAMEWORK_HEADER = YES;
				CLANG_WARN_RANGE_LOOP_ANALYSIS = YES;
				CLANG_WARN_STRICT_PROTOTYPES = YES;
				CLANG_WARN_SUSPICIOUS_MOVE = YES;
				CLANG_WARN_UNGUARDED_AVAILABILITY = YES_AGGRESSIVE;
				CLANG_WARN_UNREACHABLE_CODE = YES;
				CLANG_WARN__DUPLICATE_METHOD_MATCH = YES;
				COPY_PHASE_STRIP = NO;
				DEBUG_INFORMATION_FORMAT = "dwarf-with-dsym";
				ENABLE_NS_ASSERTIONS = NO;
				ENABLE_STRICT_OBJC_MSGSEND = YES;
				GCC_C_LANGUAGE_STANDARD = gnu11;
				GCC_NO_COMMON_BLOCKS = YES;
				GCC_WARN_64_TO_32_BIT_CONVERSION = YES;
				GCC_WARN_ABOUT_RETURN_TYPE = YES_ERROR;
				GCC_WARN_UNDECLARED_SELECTOR = YES;
				GCC_WARN_UNINITIALIZED_AUTOS = YES_AGGRESSIVE;
				GCC_WARN_UNUSED_FUNCTION = YES;
				GCC_WARN_UNUSED_VARIABLE = YES;
				IPHONEOS_DEPLOYMENT_TARGET = 15.4;
				MTL_ENABLE_DEBUG_INFO = NO;
				MTL_FAST_MATH = YES;
				SDKROOT = iphoneos;
				SWIFT_COMPILATION_MODE = wholemodule;
				SWIFT_OPTIMIZATION_LEVEL = "-O";
				VALIDATE_PRODUCT = YES;
			};
			name = Release;
		};
		9EDF03642830E89600CE9361 /* Debug */ = {
			isa = XCBuildConfiguration;
			buildSettings = {
				ASSETCATALOG_COMPILER_APPICON_NAME = AppIcon;
				ASSETCATALOG_COMPILER_GLOBAL_ACCENT_COLOR_NAME = AccentColor;
				CODE_SIGN_STYLE = Automatic;
				CURRENT_PROJECT_VERSION = 1;
				DEVELOPMENT_ASSET_PATHS = "\"Landmarks/Preview Content\"";
				DEVELOPMENT_TEAM = 7A2LMTM6Y3;
				ENABLE_PREVIEWS = YES;
				GENERATE_INFOPLIST_FILE = YES;
				INFOPLIST_KEY_UIApplicationSceneManifest_Generation = YES;
				INFOPLIST_KEY_UIApplicationSupportsIndirectInputEvents = YES;
				INFOPLIST_KEY_UILaunchScreen_Generation = YES;
				INFOPLIST_KEY_UISupportedInterfaceOrientations_iPad = "UIInterfaceOrientationPortrait UIInterfaceOrientationPortraitUpsideDown UIInterfaceOrientationLandscapeLeft UIInterfaceOrientationLandscapeRight";
				INFOPLIST_KEY_UISupportedInterfaceOrientations_iPhone = "UIInterfaceOrientationPortrait UIInterfaceOrientationLandscapeLeft UIInterfaceOrientationLandscapeRight";
				LD_RUNPATH_SEARCH_PATHS = (
					"$(inherited)",
					"@executable_path/Frameworks",
				);
				MARKETING_VERSION = 1.0;
				PRODUCT_BUNDLE_IDENTIFIER = tuan.Landmarks;
				PRODUCT_NAME = "$(TARGET_NAME)";
				SWIFT_EMIT_LOC_STRINGS = YES;
				SWIFT_VERSION = 5.0;
				TARGETED_DEVICE_FAMILY = "1,2";
			};
			name = Debug;
		};
		9EDF03652830E89600CE9361 /* Release */ = {
			isa = XCBuildConfiguration;
			buildSettings = {
				ASSETCATALOG_COMPILER_APPICON_NAME = AppIcon;
				ASSETCATALOG_COMPILER_GLOBAL_ACCENT_COLOR_NAME = AccentColor;
				CODE_SIGN_STYLE = Automatic;
				CURRENT_PROJECT_VERSION = 1;
				DEVELOPMENT_ASSET_PATHS = "\"Landmarks/Preview Content\"";
				DEVELOPMENT_TEAM = 7A2LMTM6Y3;
				ENABLE_PREVIEWS = YES;
				GENERATE_INFOPLIST_FILE = YES;
				INFOPLIST_KEY_UIApplicationSceneManifest_Generation = YES;
				INFOPLIST_KEY_UIApplicationSupportsIndirectInputEvents = YES;
				INFOPLIST_KEY_UILaunchScreen_Generation = YES;
				INFOPLIST_KEY_UISupportedInterfaceOrientations_iPad = "UIInterfaceOrientationPortrait UIInterfaceOrientationPortraitUpsideDown UIInterfaceOrientationLandscapeLeft UIInterfaceOrientationLandscapeRight";
				INFOPLIST_KEY_UISupportedInterfaceOrientations_iPhone = "UIInterfaceOrientationPortrait UIInterfaceOrientationLandscapeLeft UIInterfaceOrientationLandscapeRight";
				LD_RUNPATH_SEARCH_PATHS = (
					"$(inherited)",
					"@executable_path/Frameworks",
				);
				MARKETING_VERSION = 1.0;
				PRODUCT_BUNDLE_IDENTIFIER = tuan.Landmarks;
				PRODUCT_NAME = "$(TARGET_NAME)";
				SWIFT_EMIT_LOC_STRINGS = YES;
				SWIFT_VERSION = 5.0;
				TARGETED_DEVICE_FAMILY = "1,2";
			};
			name = Release;
		};
/* End XCBuildConfiguration section */

/* Begin XCConfigurationList section */
		9EDF03502830E89500CE9361 /* Build configuration list for PBXProject "Landmarks" */ = {
			isa = XCConfigurationList;
			buildConfigurations = (
				9EDF03612830E89600CE9361 /* Debug */,
				9EDF03622830E89600CE9361 /* Release */,
			);
			defaultConfigurationIsVisible = 0;
			defaultConfigurationName = Release;
		};
		9EDF03632830E89600CE9361 /* Build configuration list for PBXNativeTarget "Landmarks" */ = {
			isa = XCConfigurationList;
			buildConfigurations = (
				9EDF03642830E89600CE9361 /* Debug */,
				9EDF03652830E89600CE9361 /* Release */,
			);
			defaultConfigurationIsVisible = 0;
			defaultConfigurationName = Release;
		};
/* End XCConfigurationList section */
	};
	rootObject = 9EDF034D2830E89500CE9361 /* Project object */;
}
